
Microsoft Visual Studio Solution File, Format Version 12.00
# Visual Studio Version 17
VisualStudioVersion = 17.2.32630.192
MinimumVisualStudioVersion = 10.0.40219.1
Project("{FAE04EC0-301F-11D3-BF4B-00C04F79EFBC}") = "Faturamento", "Faturamento\Faturamento.csproj", "{B8983808-C8BC-4FD4-B518-0A3AA928644C}"
EndProject
Global
	GlobalSection(SolutionConfigurationPlatforms) = preSolution
		Debug|Any CPU = Debug|Any CPU
		Release|Any CPU = Release|Any CPU
	EndGlobalSection
	GlobalSection(ProjectConfigurationPlatforms) = postSolution
		{B8983808-C8BC-4FD4-B518-0A3AA928644C}.Debug|Any CPU.ActiveCfg = Debug|Any CPU
		{B8983808-C8BC-4FD4-B518-0A3AA928644C}.Debug|Any CPU.Build.0 = Debug|Any CPU
		{B8983808-C8BC-4FD4-B518-0A3AA928644C}.Release|Any CPU.ActiveCfg = Release|Any CPU
		{B8983808-C8BC-4FD4-B518-0A3AA928644C}.Release|Any CPU.Build.0 = Release|Any CPU
	EndGlobalSection
	GlobalSection(SolutionProperties) = preSolution
		HideSolutionNode = FALSE
	EndGlobalSection
	GlobalSection(ExtensibilityGlobals) = postSolution
		SolutionGuid = {FDAA52B9-8873-42BA-9CB0-4F1AA4E2AD6C}
	EndGlobalSection
EndGlobal
